{
  "name": "@velitsol/inertia-vue-datatable",
  "version": "0.0.1",
  "lockfileVersion": 2,
  "requires": true,
  "packages": {
    "": {
      "name": "@velitsol/inertia-vue-datatable",
      "version": "0.0.1",
      "license": "MIT",
      "dependencies": {
        "mosha-vue-toastify": "^1.0.23"
      }
    },
    "node_modules/mosha-vue-toastify": {
      "version": "1.0.23",
      "resolved": "https://registry.npmjs.org/mosha-vue-toastify/-/mosha-vue-toastify-1.0.23.tgz",
      "integrity": "sha512-K9fij3e3H+E/Lj82ISrgmyKrtM5RNmtZC/KG/KH47+oZGmzAkN/Zuz39kBdT/Mp8OxaHuIWQntEUMP+HdmK1xA=="
    }
  },
  "dependencies": {
    "mosha-vue-toastify": {
      "version": "1.0.23",
      "resolved": "https://registry.npmjs.org/mosha-vue-toastify/-/mosha-vue-toastify-1.0.23.tgz",
      "integrity": "sha512-K9fij3e3H+E/Lj82ISrgmyKrtM5RNmtZC/KG/KH47+oZGmzAkN/Zuz39kBdT/Mp8OxaHuIWQntEUMP+HdmK1xA=="
    }
  }
}
